
Microsoft Visual Studio Solution File, Format Version 12.00
# Visual Studio Version 17
VisualStudioVersion = 17.1.32210.238
MinimumVisualStudioVersion = 10.0.40219.1
Project("{2150E333-8FDC-42A3-9474-1A3956D46DE8}") = "Resources", "Resources", "{4B45F7EA-10AC-47E0-AB92-6DF34F1E92BC}"
EndProject
Project("{9A19103F-16F7-4668-BE54-9A1E7A4F7556}") = "Mailings.Resources.API", "Mailings.Resources.API\Mailings.Resources.API.csproj", "{1ECBE583-4E08-4950-9C4B-1D572B3FF29D}"
EndProject
Project("{9A19103F-16F7-4668-BE54-9A1E7A4F7556}") = "Mailings.Resources.Shared", "Mailings.Resources.Shared\Mailings.Resources.Shared.csproj", "{362D2972-3BF1-40D3-B6C3-D092B1B78BC8}"
EndProject
Project("{9A19103F-16F7-4668-BE54-9A1E7A4F7556}") = "Mailings.Resources.Data", "Mailings.Resources.Data\Mailings.Resources.Data.csproj", "{0DA724FD-0EAD-4D13-B2B5-45637AC645E0}"
EndProject
Project("{9A19103F-16F7-4668-BE54-9A1E7A4F7556}") = "Mailings.Resources.Domain", "Mailings.Resources.Domen\Mailings.Resources.Domain.csproj", "{D76BD9E2-EB3F-4F0C-B206-1BC8BD4E9849}"
EndProject
Project("{9A19103F-16F7-4668-BE54-9A1E7A4F7556}") = "Mailings.Resources.Tests", "Mailings.Resources.Tests\Mailings.Resources.Tests.csproj", "{C1A5D6B0-5C68-468A-8966-13E3325C019C}"
EndProject
Project("{9A19103F-16F7-4668-BE54-9A1E7A4F7556}") = "Mailings.Resources.Application", "Mailings.Resources.Application\Mailings.Resources.Application.csproj", "{D31EBC9F-21C1-49E5-90E3-7A9A3ABAC90E}"
EndProject
Project("{2150E333-8FDC-42A3-9474-1A3956D46DE8}") = "Client", "Client", "{17311B42-163D-4573-AB04-717F594D87B5}"
EndProject
Project("{9A19103F-16F7-4668-BE54-9A1E7A4F7556}") = "Mailings.Web.API", "Mailings.Web.API\Mailings.Web.API.csproj", "{B452F3C5-5B60-43C5-9FF6-23C718BEA965}"
EndProject
Project("{9A19103F-16F7-4668-BE54-9A1E7A4F7556}") = "Mailings.Web.Shared", "Mailings.Web.Shared\Mailings.Web.Shared.csproj", "{C1A0A73A-12CA-48A9-BCA8-68C45A960956}"
EndProject
Project("{9A19103F-16F7-4668-BE54-9A1E7A4F7556}") = "Mailings.Web.Services", "Mailings.Web.Services\Mailings.Web.Services.csproj", "{66EF111E-40A2-4D90-B00A-FC73AF2ED66D}"
EndProject
Project("{2150E333-8FDC-42A3-9474-1A3956D46DE8}") = "Authentication", "Authentication", "{59A8B798-3247-4AFC-820A-143EA09AA2ED}"
EndProject
Project("{2150E333-8FDC-42A3-9474-1A3956D46DE8}") = "Application", "Application", "{70C6E454-E6DE-4B63-AFC3-0266334BD448}"
EndProject
Project("{2150E333-8FDC-42A3-9474-1A3956D46DE8}") = "Tests", "Tests", "{91E2FA64-C816-4BA5-8F7B-876E68C873AC}"
EndProject
Project("{9A19103F-16F7-4668-BE54-9A1E7A4F7556}") = "Mailings.Authentication", "Authentication\Application\Mailings.Authentication\Mailings.Authentication.csproj", "{F57F796B-2B09-4A8E-B548-C8C5D5B0E1D2}"
EndProject
Project("{9A19103F-16F7-4668-BE54-9A1E7A4F7556}") = "Mailings.Authentication.Core", "Authentication\Application\Mailings.Authentication.Core\Mailings.Authentication.Core.csproj", "{0B26AFC4-4ED7-4F6F-A26D-83AF0A466C26}"
EndProject
Project("{9A19103F-16F7-4668-BE54-9A1E7A4F7556}") = "Mailings.Authentication.Data", "Authentication\Application\Mailings.Authentication.Data\Mailings.Authentication.Data.csproj", "{6D5343A2-6F7C-4FA7-AADB-0A202CE3A18C}"
EndProject
Project("{9A19103F-16F7-4668-BE54-9A1E7A4F7556}") = "Mailings.Authentication.Shared", "Authentication\Application\Mailings.Authentication.Shared\Mailings.Authentication.Shared.csproj", "{D233438A-E4BA-41A4-ACD3-6BDDC57F9221}"
EndProject
Project("{9A19103F-16F7-4668-BE54-9A1E7A4F7556}") = "Mailings.Authentication.Domain", "Authentication\Application\Mailings.Authentication.Domain\Mailings.Authentication.Domain.csproj", "{D2ABF7CB-77BF-4A19-BA34-1111B0262B69}"
EndProject
Project("{FAE04EC0-301F-11D3-BF4B-00C04F79EFBC}") = "Mailings.Authentication.Tests", "Authentication\Tests\Mailings.Authentication.Tests\Mailings.Authentication.Tests.csproj", "{FCBC82B0-66EA-44E0-AF6B-C84A84C1354D}"
EndProject
Global
	GlobalSection(SolutionConfigurationPlatforms) = preSolution
		Debug|Any CPU = Debug|Any CPU
		Release|Any CPU = Release|Any CPU
	EndGlobalSection
	GlobalSection(ProjectConfigurationPlatforms) = postSolution
		{1ECBE583-4E08-4950-9C4B-1D572B3FF29D}.Debug|Any CPU.ActiveCfg = Debug|Any CPU
		{1ECBE583-4E08-4950-9C4B-1D572B3FF29D}.Debug|Any CPU.Build.0 = Debug|Any CPU
		{1ECBE583-4E08-4950-9C4B-1D572B3FF29D}.Release|Any CPU.ActiveCfg = Release|Any CPU
		{1ECBE583-4E08-4950-9C4B-1D572B3FF29D}.Release|Any CPU.Build.0 = Release|Any CPU
		{362D2972-3BF1-40D3-B6C3-D092B1B78BC8}.Debug|Any CPU.ActiveCfg = Debug|Any CPU
		{362D2972-3BF1-40D3-B6C3-D092B1B78BC8}.Debug|Any CPU.Build.0 = Debug|Any CPU
		{362D2972-3BF1-40D3-B6C3-D092B1B78BC8}.Release|Any CPU.ActiveCfg = Release|Any CPU
		{362D2972-3BF1-40D3-B6C3-D092B1B78BC8}.Release|Any CPU.Build.0 = Release|Any CPU
		{0DA724FD-0EAD-4D13-B2B5-45637AC645E0}.Debug|Any CPU.ActiveCfg = Debug|Any CPU
		{0DA724FD-0EAD-4D13-B2B5-45637AC645E0}.Debug|Any CPU.Build.0 = Debug|Any CPU
		{0DA724FD-0EAD-4D13-B2B5-45637AC645E0}.Release|Any CPU.ActiveCfg = Release|Any CPU
		{0DA724FD-0EAD-4D13-B2B5-45637AC645E0}.Release|Any CPU.Build.0 = Release|Any CPU
		{D76BD9E2-EB3F-4F0C-B206-1BC8BD4E9849}.Debug|Any CPU.ActiveCfg = Debug|Any CPU
		{D76BD9E2-EB3F-4F0C-B206-1BC8BD4E9849}.Debug|Any CPU.Build.0 = Debug|Any CPU
		{D76BD9E2-EB3F-4F0C-B206-1BC8BD4E9849}.Release|Any CPU.ActiveCfg = Release|Any CPU
		{D76BD9E2-EB3F-4F0C-B206-1BC8BD4E9849}.Release|Any CPU.Build.0 = Release|Any CPU
		{C1A5D6B0-5C68-468A-8966-13E3325C019C}.Debug|Any CPU.ActiveCfg = Debug|Any CPU
		{C1A5D6B0-5C68-468A-8966-13E3325C019C}.Debug|Any CPU.Build.0 = Debug|Any CPU
		{C1A5D6B0-5C68-468A-8966-13E3325C019C}.Release|Any CPU.ActiveCfg = Release|Any CPU
		{C1A5D6B0-5C68-468A-8966-13E3325C019C}.Release|Any CPU.Build.0 = Release|Any CPU
		{D31EBC9F-21C1-49E5-90E3-7A9A3ABAC90E}.Debug|Any CPU.ActiveCfg = Debug|Any CPU
		{D31EBC9F-21C1-49E5-90E3-7A9A3ABAC90E}.Debug|Any CPU.Build.0 = Debug|Any CPU
		{D31EBC9F-21C1-49E5-90E3-7A9A3ABAC90E}.Release|Any CPU.ActiveCfg = Release|Any CPU
		{D31EBC9F-21C1-49E5-90E3-7A9A3ABAC90E}.Release|Any CPU.Build.0 = Release|Any CPU
		{B452F3C5-5B60-43C5-9FF6-23C718BEA965}.Debug|Any CPU.ActiveCfg = Debug|Any CPU
		{B452F3C5-5B60-43C5-9FF6-23C718BEA965}.Debug|Any CPU.Build.0 = Debug|Any CPU
		{B452F3C5-5B60-43C5-9FF6-23C718BEA965}.Release|Any CPU.ActiveCfg = Release|Any CPU
		{B452F3C5-5B60-43C5-9FF6-23C718BEA965}.Release|Any CPU.Build.0 = Release|Any CPU
		{C1A0A73A-12CA-48A9-BCA8-68C45A960956}.Debug|Any CPU.ActiveCfg = Debug|Any CPU
		{C1A0A73A-12CA-48A9-BCA8-68C45A960956}.Debug|Any CPU.Build.0 = Debug|Any CPU
		{C1A0A73A-12CA-48A9-BCA8-68C45A960956}.Release|Any CPU.ActiveCfg = Release|Any CPU
		{C1A0A73A-12CA-48A9-BCA8-68C45A960956}.Release|Any CPU.Build.0 = Release|Any CPU
		{66EF111E-40A2-4D90-B00A-FC73AF2ED66D}.Debug|Any CPU.ActiveCfg = Debug|Any CPU
		{66EF111E-40A2-4D90-B00A-FC73AF2ED66D}.Debug|Any CPU.Build.0 = Debug|Any CPU
		{66EF111E-40A2-4D90-B00A-FC73AF2ED66D}.Release|Any CPU.ActiveCfg = Release|Any CPU
		{66EF111E-40A2-4D90-B00A-FC73AF2ED66D}.Release|Any CPU.Build.0 = Release|Any CPU
		{F57F796B-2B09-4A8E-B548-C8C5D5B0E1D2}.Debug|Any CPU.ActiveCfg = Debug|Any CPU
		{F57F796B-2B09-4A8E-B548-C8C5D5B0E1D2}.Debug|Any CPU.Build.0 = Debug|Any CPU
		{F57F796B-2B09-4A8E-B548-C8C5D5B0E1D2}.Release|Any CPU.ActiveCfg = Release|Any CPU
		{F57F796B-2B09-4A8E-B548-C8C5D5B0E1D2}.Release|Any CPU.Build.0 = Release|Any CPU
		{0B26AFC4-4ED7-4F6F-A26D-83AF0A466C26}.Debug|Any CPU.ActiveCfg = Debug|Any CPU
		{0B26AFC4-4ED7-4F6F-A26D-83AF0A466C26}.Debug|Any CPU.Build.0 = Debug|Any CPU
		{0B26AFC4-4ED7-4F6F-A26D-83AF0A466C26}.Release|Any CPU.ActiveCfg = Release|Any CPU
		{0B26AFC4-4ED7-4F6F-A26D-83AF0A466C26}.Release|Any CPU.Build.0 = Release|Any CPU
		{6D5343A2-6F7C-4FA7-AADB-0A202CE3A18C}.Debug|Any CPU.ActiveCfg = Debug|Any CPU
		{6D5343A2-6F7C-4FA7-AADB-0A202CE3A18C}.Debug|Any CPU.Build.0 = Debug|Any CPU
		{6D5343A2-6F7C-4FA7-AADB-0A202CE3A18C}.Release|Any CPU.ActiveCfg = Release|Any CPU
		{6D5343A2-6F7C-4FA7-AADB-0A202CE3A18C}.Release|Any CPU.Build.0 = Release|Any CPU
		{D233438A-E4BA-41A4-ACD3-6BDDC57F9221}.Debug|Any CPU.ActiveCfg = Debug|Any CPU
		{D233438A-E4BA-41A4-ACD3-6BDDC57F9221}.Debug|Any CPU.Build.0 = Debug|Any CPU
		{D233438A-E4BA-41A4-ACD3-6BDDC57F9221}.Release|Any CPU.ActiveCfg = Release|Any CPU
		{D233438A-E4BA-41A4-ACD3-6BDDC57F9221}.Release|Any CPU.Build.0 = Release|Any CPU
		{D2ABF7CB-77BF-4A19-BA34-1111B0262B69}.Debug|Any CPU.ActiveCfg = Debug|Any CPU
		{D2ABF7CB-77BF-4A19-BA34-1111B0262B69}.Debug|Any CPU.Build.0 = Debug|Any CPU
		{D2ABF7CB-77BF-4A19-BA34-1111B0262B69}.Release|Any CPU.ActiveCfg = Release|Any CPU
		{D2ABF7CB-77BF-4A19-BA34-1111B0262B69}.Release|Any CPU.Build.0 = Release|Any CPU
		{FCBC82B0-66EA-44E0-AF6B-C84A84C1354D}.Debug|Any CPU.ActiveCfg = Debug|Any CPU
		{FCBC82B0-66EA-44E0-AF6B-C84A84C1354D}.Debug|Any CPU.Build.0 = Debug|Any CPU
		{FCBC82B0-66EA-44E0-AF6B-C84A84C1354D}.Release|Any CPU.ActiveCfg = Release|Any CPU
		{FCBC82B0-66EA-44E0-AF6B-C84A84C1354D}.Release|Any CPU.Build.0 = Release|Any CPU
	EndGlobalSection
	GlobalSection(SolutionProperties) = preSolution
		HideSolutionNode = FALSE
	EndGlobalSection
	GlobalSection(NestedProjects) = preSolution
		{1ECBE583-4E08-4950-9C4B-1D572B3FF29D} = {4B45F7EA-10AC-47E0-AB92-6DF34F1E92BC}
		{362D2972-3BF1-40D3-B6C3-D092B1B78BC8} = {4B45F7EA-10AC-47E0-AB92-6DF34F1E92BC}
		{0DA724FD-0EAD-4D13-B2B5-45637AC645E0} = {4B45F7EA-10AC-47E0-AB92-6DF34F1E92BC}
		{D76BD9E2-EB3F-4F0C-B206-1BC8BD4E9849} = {4B45F7EA-10AC-47E0-AB92-6DF34F1E92BC}
		{C1A5D6B0-5C68-468A-8966-13E3325C019C} = {4B45F7EA-10AC-47E0-AB92-6DF34F1E92BC}
		{D31EBC9F-21C1-49E5-90E3-7A9A3ABAC90E} = {4B45F7EA-10AC-47E0-AB92-6DF34F1E92BC}
		{B452F3C5-5B60-43C5-9FF6-23C718BEA965} = {17311B42-163D-4573-AB04-717F594D87B5}
		{C1A0A73A-12CA-48A9-BCA8-68C45A960956} = {17311B42-163D-4573-AB04-717F594D87B5}
		{66EF111E-40A2-4D90-B00A-FC73AF2ED66D} = {17311B42-163D-4573-AB04-717F594D87B5}
		{70C6E454-E6DE-4B63-AFC3-0266334BD448} = {59A8B798-3247-4AFC-820A-143EA09AA2ED}
		{91E2FA64-C816-4BA5-8F7B-876E68C873AC} = {59A8B798-3247-4AFC-820A-143EA09AA2ED}
		{F57F796B-2B09-4A8E-B548-C8C5D5B0E1D2} = {70C6E454-E6DE-4B63-AFC3-0266334BD448}
		{0B26AFC4-4ED7-4F6F-A26D-83AF0A466C26} = {70C6E454-E6DE-4B63-AFC3-0266334BD448}
		{6D5343A2-6F7C-4FA7-AADB-0A202CE3A18C} = {70C6E454-E6DE-4B63-AFC3-0266334BD448}
		{D233438A-E4BA-41A4-ACD3-6BDDC57F9221} = {70C6E454-E6DE-4B63-AFC3-0266334BD448}
		{D2ABF7CB-77BF-4A19-BA34-1111B0262B69} = {70C6E454-E6DE-4B63-AFC3-0266334BD448}
		{FCBC82B0-66EA-44E0-AF6B-C84A84C1354D} = {91E2FA64-C816-4BA5-8F7B-876E68C873AC}
	EndGlobalSection
	GlobalSection(ExtensibilityGlobals) = postSolution
		SolutionGuid = {2A59EDBE-7AC5-4EF6-85F1-12197FA2007F}
	EndGlobalSection
EndGlobal
